{
  "version": 4,
  "terraform_version": "0.12.9",
  "serial": 12,
  "lineage": "691c7fe1-5757-b2fe-7a68-81b6cc8843f5",
  "outputs": {},
  "resources": [
    {
      "mode": "managed",
      "type": "azurerm_network_interface",
      "name": "main",
      "provider": "provider.azurerm",
      "instances": [
        {
          "schema_version": 0,
          "attributes": {
            "applied_dns_servers": [],
            "dns_servers": [],
            "enable_accelerated_networking": false,
            "enable_ip_forwarding": false,
            "id": "/subscriptions/e5c53a81-f5c9-4864-b65a-d6fc347b4e2d/resourceGroups/teraafrom-Demo6-rsg/providers/Microsoft.Network/networkInterfaces/Per-nic",
            "internal_dns_name_label": "",
            "internal_fqdn": "",
            "ip_configuration": [
              {
                "application_gateway_backend_address_pools_ids": [],
                "application_security_group_ids": [],
                "load_balancer_backend_address_pools_ids": [],
                "load_balancer_inbound_nat_rules_ids": [],
                "name": "testconfiguration1",
                "primary": true,
                "private_ip_address": "",
                "private_ip_address_allocation": "dynamic",
                "private_ip_address_version": "IPv4",
                "public_ip_address_id": "",
                "subnet_id": "/subscriptions/e5c53a81-f5c9-4864-b65a-d6fc347b4e2d/resourceGroups/teraafrom-Demo6-rsg/providers/Microsoft.Network/virtualNetworks/Per-network/subnets/internal"
              }
            ],
            "location": "centralindia",
            "mac_address": "",
            "name": "Per-nic",
            "network_security_group_id": "",
            "private_ip_address": "10.0.2.4",
            "private_ip_addresses": [
              "10.0.2.4"
            ],
            "resource_group_name": "teraafrom-Demo6-rsg",
            "tags": {},
            "virtual_machine_id": null
          },
          "private": "bnVsbA==",
          "depends_on": [
            "azurerm_resource_group.resource_gp",
            "azurerm_subnet.internal"
          ]
        }
      ]
    },
    {
      "mode": "managed",
      "type": "azurerm_resource_group",
      "name": "resource_gp",
      "provider": "provider.azurerm",
      "instances": [
        {
          "schema_version": 0,
          "attributes": {
            "id": "/subscriptions/e5c53a81-f5c9-4864-b65a-d6fc347b4e2d/resourceGroups/teraafrom-Demo6-rsg",
            "location": "centralindia",
            "name": "teraafrom-Demo6-rsg",
            "tags": {
              "Owner": "Rajanikanth Nagelli"
            }
          },
          "private": "bnVsbA=="
        }
      ]
    },
    {
      "mode": "managed",
      "type": "azurerm_subnet",
      "name": "internal",
      "provider": "provider.azurerm",
      "instances": [
        {
          "schema_version": 0,
          "attributes": {
            "address_prefix": "10.0.2.0/24",
            "delegation": [],
            "id": "/subscriptions/e5c53a81-f5c9-4864-b65a-d6fc347b4e2d/resourceGroups/teraafrom-Demo6-rsg/providers/Microsoft.Network/virtualNetworks/Per-network/subnets/internal",
            "ip_configurations": [
              "/subscriptions/e5c53a81-f5c9-4864-b65a-d6fc347b4e2d/resourceGroups/teraafrom-Demo6-rsg/providers/Microsoft.Network/networkInterfaces/Per-nic/ipConfigurations/testconfiguration1"
            ],
            "name": "internal",
            "network_security_group_id": "",
            "resource_group_name": "teraafrom-Demo6-rsg",
            "route_table_id": "",
            "service_endpoints": [],
            "virtual_network_name": "Per-network"
          },
          "private": "bnVsbA==",
          "depends_on": [
            "azurerm_resource_group.resource_gp",
            "azurerm_virtual_network.main"
          ]
        }
      ]
    },
    {
      "mode": "managed",
      "type": "azurerm_virtual_machine",
      "name": "main",
      "provider": "provider.azurerm",
      "instances": [
        {
          "schema_version": 0,
          "attributes": {
            "additional_capabilities": [],
            "availability_set_id": null,
            "boot_diagnostics": [],
            "delete_data_disks_on_termination": true,
            "delete_os_disk_on_termination": true,
            "id": "/subscriptions/e5c53a81-f5c9-4864-b65a-d6fc347b4e2d/resourceGroups/teraafrom-Demo6-rsg/providers/Microsoft.Compute/virtualMachines/Per-vm",
            "identity": [],
            "license_type": null,
            "location": "centralindia",
            "name": "Per-vm",
            "network_interface_ids": [
              "/subscriptions/e5c53a81-f5c9-4864-b65a-d6fc347b4e2d/resourceGroups/teraafrom-Demo6-rsg/providers/Microsoft.Network/networkInterfaces/Per-nic"
            ],
            "os_profile": [
              {
                "admin_password": "",
                "admin_username": "testadmin",
                "computer_name": "hostname",
                "custom_data": ""
              }
            ],
            "os_profile_linux_config": [
              {
                "disable_password_authentication": false,
                "ssh_keys": []
              }
            ],
            "os_profile_secrets": [],
            "os_profile_windows_config": [],
            "plan": [],
            "primary_network_interface_id": null,
            "proximity_placement_group_id": null,
            "resource_group_name": "teraafrom-Demo6-rsg",
            "storage_data_disk": [],
            "storage_image_reference": [
              {
                "id": "",
                "offer": "UbuntuServer",
                "publisher": "Canonical",
                "sku": "16.04-LTS",
                "version": "latest"
              }
            ],
            "storage_os_disk": [
              {
                "caching": "ReadWrite",
                "create_option": "FromImage",
                "disk_size_gb": 30,
                "image_uri": "",
                "managed_disk_id": "/subscriptions/e5c53a81-f5c9-4864-b65a-d6fc347b4e2d/resourceGroups/teraafrom-Demo6-rsg/providers/Microsoft.Compute/disks/myosdisk1",
                "managed_disk_type": "Standard_LRS",
                "name": "myosdisk1",
                "os_type": "Linux",
                "vhd_uri": "",
                "write_accelerator_enabled": false
              }
            ],
            "tags": {
              "Owner": "Rajanikanth Nagelli",
              "environment": "DEV"
            },
            "vm_size": "Standard_DS1_v2",
            "zones": null
          },
          "private": "bnVsbA==",
          "depends_on": [
            "azurerm_network_interface.main",
            "azurerm_resource_group.resource_gp"
          ]
        }
      ]
    },
    {
      "mode": "managed",
      "type": "azurerm_virtual_network",
      "name": "main",
      "provider": "provider.azurerm",
      "instances": [
        {
          "schema_version": 0,
          "attributes": {
            "address_space": [
              "10.0.0.0/16"
            ],
            "ddos_protection_plan": [],
            "dns_servers": [],
            "id": "/subscriptions/e5c53a81-f5c9-4864-b65a-d6fc347b4e2d/resourceGroups/teraafrom-Demo6-rsg/providers/Microsoft.Network/virtualNetworks/Per-network",
            "location": "centralindia",
            "name": "Per-network",
            "resource_group_name": "teraafrom-Demo6-rsg",
            "subnet": [
              {
                "address_prefix": "10.0.2.0/24",
                "id": "/subscriptions/e5c53a81-f5c9-4864-b65a-d6fc347b4e2d/resourceGroups/teraafrom-Demo6-rsg/providers/Microsoft.Network/virtualNetworks/Per-network/subnets/internal",
                "name": "internal",
                "security_group": ""
              }
            ],
            "tags": {}
          },
          "private": "bnVsbA==",
          "depends_on": [
            "azurerm_resource_group.resource_gp"
          ]
        }
      ]
    }
  ]
}
